
Microsoft Visual Studio Solution File, Format Version 12.00
# Visual Studio Version 17
VisualStudioVersion = 17.9.34607.119
MinimumVisualStudioVersion = 10.0.40219.1
Project("{9A19103F-16F7-4668-BE54-9A1E7A4F7556}") = "Pet.Api", "src\Pet.Api\Pet.Api.csproj", "{BE8030DB-0D14-4603-8CFE-557A88EDFE29}"
EndProject
Project("{9A19103F-16F7-4668-BE54-9A1E7A4F7556}") = "Dev.Business", "src\Dev.Business\Dev.Business.csproj", "{839D16DD-B97C-4BDA-9035-29DA2DD9714C}"
EndProject
Project("{9A19103F-16F7-4668-BE54-9A1E7A4F7556}") = "Dev.Data", "src\Dev.Data\Dev.Data.csproj", "{BE425681-AD0B-4673-92E2-971C705C9482}"
EndProject
Project("{E53339B2-1760-4266-BCC7-CA923CBCF16C}") = "docker-compose", "docker-compose.dcproj", "{80E168DC-893C-4F79-8AC4-70CBD7CCE4B0}"
EndProject
Global
	GlobalSection(SolutionConfigurationPlatforms) = preSolution
		Debug|Any CPU = Debug|Any CPU
		Release|Any CPU = Release|Any CPU
	EndGlobalSection
	GlobalSection(ProjectConfigurationPlatforms) = postSolution
		{BE8030DB-0D14-4603-8CFE-557A88EDFE29}.Debug|Any CPU.ActiveCfg = Debug|Any CPU
		{BE8030DB-0D14-4603-8CFE-557A88EDFE29}.Debug|Any CPU.Build.0 = Debug|Any CPU
		{BE8030DB-0D14-4603-8CFE-557A88EDFE29}.Release|Any CPU.ActiveCfg = Release|Any CPU
		{BE8030DB-0D14-4603-8CFE-557A88EDFE29}.Release|Any CPU.Build.0 = Release|Any CPU
		{839D16DD-B97C-4BDA-9035-29DA2DD9714C}.Debug|Any CPU.ActiveCfg = Debug|Any CPU
		{839D16DD-B97C-4BDA-9035-29DA2DD9714C}.Debug|Any CPU.Build.0 = Debug|Any CPU
		{839D16DD-B97C-4BDA-9035-29DA2DD9714C}.Release|Any CPU.ActiveCfg = Release|Any CPU
		{839D16DD-B97C-4BDA-9035-29DA2DD9714C}.Release|Any CPU.Build.0 = Release|Any CPU
		{BE425681-AD0B-4673-92E2-971C705C9482}.Debug|Any CPU.ActiveCfg = Debug|Any CPU
		{BE425681-AD0B-4673-92E2-971C705C9482}.Debug|Any CPU.Build.0 = Debug|Any CPU
		{BE425681-AD0B-4673-92E2-971C705C9482}.Release|Any CPU.ActiveCfg = Release|Any CPU
		{BE425681-AD0B-4673-92E2-971C705C9482}.Release|Any CPU.Build.0 = Release|Any CPU
		{80E168DC-893C-4F79-8AC4-70CBD7CCE4B0}.Debug|Any CPU.ActiveCfg = Debug|Any CPU
		{80E168DC-893C-4F79-8AC4-70CBD7CCE4B0}.Debug|Any CPU.Build.0 = Debug|Any CPU
		{80E168DC-893C-4F79-8AC4-70CBD7CCE4B0}.Release|Any CPU.ActiveCfg = Release|Any CPU
		{80E168DC-893C-4F79-8AC4-70CBD7CCE4B0}.Release|Any CPU.Build.0 = Release|Any CPU
	EndGlobalSection
	GlobalSection(SolutionProperties) = preSolution
		HideSolutionNode = FALSE
	EndGlobalSection
	GlobalSection(ExtensibilityGlobals) = postSolution
		SolutionGuid = {4EA405BF-9962-44AB-9DF2-0216039575C9}
	EndGlobalSection
EndGlobal
